
Microsoft Visual Studio Solution File, Format Version 12.00
# Visual Studio Version 16
VisualStudioVersion = 16.0.30413.136
MinimumVisualStudioVersion = 10.0.40219.1
Project("{FAE04EC0-301F-11D3-BF4B-00C04F79EFBC}") = "EShoppingCart", "EShoppingCart.csproj", "{88C37A62-E912-4FBD-B227-CB45038C82EF}"
EndProject
Global
	GlobalSection(SolutionConfigurationPlatforms) = preSolution
		Debug|Any CPU = Debug|Any CPU
		Release|Any CPU = Release|Any CPU
	EndGlobalSection
	GlobalSection(ProjectConfigurationPlatforms) = postSolution
		{88C37A62-E912-4FBD-B227-CB45038C82EF}.Debug|Any CPU.ActiveCfg = Debug|Any CPU
		{88C37A62-E912-4FBD-B227-CB45038C82EF}.Debug|Any CPU.Build.0 = Debug|Any CPU
		{88C37A62-E912-4FBD-B227-CB45038C82EF}.Release|Any CPU.ActiveCfg = Release|Any CPU
		{88C37A62-E912-4FBD-B227-CB45038C82EF}.Release|Any CPU.Build.0 = Release|Any CPU
	EndGlobalSection
	GlobalSection(SolutionProperties) = preSolution
		HideSolutionNode = FALSE
	EndGlobalSection
	GlobalSection(ExtensibilityGlobals) = postSolution
		SolutionGuid = {5FCDB703-705B-421C-B793-395489CFE590}
	EndGlobalSection
EndGlobal
